// !$*UTF8*$!
{
	archiveVersion = 1;
	classes = {
	};
	objectVersion = 51;
	objects = {

/* Begin PBXBuildFile section */
		1542672AB05A813B4C000556 /* Pods_popTravel.framework in Frameworks */ = {isa = PBXBuildFile; fileRef = C0171BADD19CC3E0929E215F /* Pods_popTravel.framework */; };
		1616171622EA9CE800D9E2DA /* AccountViewController.swift in Sources */ = {isa = PBXBuildFile; fileRef = 1616171522EA9CE800D9E2DA /* AccountViewController.swift */; };
		1616171822EA9D9000D9E2DA /* MenuViewController.swift in Sources */ = {isa = PBXBuildFile; fileRef = 1616171722EA9D9000D9E2DA /* MenuViewController.swift */; };
		1616171A22EB550D00D9E2DA /* SlideinTransition.swift in Sources */ = {isa = PBXBuildFile; fileRef = 1616171922EB550D00D9E2DA /* SlideinTransition.swift */; };
		16183DDD22DA7F74001178DC /* googleMapMini.swift in Sources */ = {isa = PBXBuildFile; fileRef = 16183DDC22DA7F74001178DC /* googleMapMini.swift */; };
		163723E222FAB3B900F64B72 /* NetworkService.swift in Sources */ = {isa = PBXBuildFile; fileRef = 163723E122FAB3B900F64B72 /* NetworkService.swift */; };
		163CD36322E7BB570093EEF5 /* CustomAdvertismentCell.swift in Sources */ = {isa = PBXBuildFile; fileRef = 163CD36122E7BB570093EEF5 /* CustomAdvertismentCell.swift */; };
		163CD36422E7BB570093EEF5 /* CustomAdvertismentCell.xib in Resources */ = {isa = PBXBuildFile; fileRef = 163CD36222E7BB570093EEF5 /* CustomAdvertismentCell.xib */; };
		1643A8D222F66C86001FE1D5 /* BaseView.swift in Sources */ = {isa = PBXBuildFile; fileRef = 1643A8D122F66C86001FE1D5 /* BaseView.swift */; };
		1643A8D622F69D64001FE1D5 /* DetailsFoodView.swift in Sources */ = {isa = PBXBuildFile; fileRef = 1643A8D522F69D64001FE1D5 /* DetailsFoodView.swift */; };
		1643A8D822F6A8D2001FE1D5 /* DetailsFoodViewController.swift in Sources */ = {isa = PBXBuildFile; fileRef = 1643A8D722F6A8D2001FE1D5 /* DetailsFoodViewController.swift */; };
		16B3433E229F7531009F4850 /* AppDelegate.swift in Sources */ = {isa = PBXBuildFile; fileRef = 16B3433D229F7531009F4850 /* AppDelegate.swift */; };
		16B34340229F7531009F4850 /* FirstViewController.swift in Sources */ = {isa = PBXBuildFile; fileRef = 16B3433F229F7531009F4850 /* FirstViewController.swift */; };
		16B34342229F7531009F4850 /* SecondViewController.swift in Sources */ = {isa = PBXBuildFile; fileRef = 16B34341229F7531009F4850 /* SecondViewController.swift */; };
		16B34345229F7531009F4850 /* Main.storyboard in Resources */ = {isa = PBXBuildFile; fileRef = 16B34343229F7531009F4850 /* Main.storyboard */; };
		16B34347229F7532009F4850 /* Assets.xcassets in Resources */ = {isa = PBXBuildFile; fileRef = 16B34346229F7532009F4850 /* Assets.xcassets */; };
		16B3434A229F7532009F4850 /* LaunchScreen.storyboard in Resources */ = {isa = PBXBuildFile; fileRef = 16B34348229F7532009F4850 /* LaunchScreen.storyboard */; };
		16B34352229FAF81009F4850 /* ThirdViewController.swift in Sources */ = {isa = PBXBuildFile; fileRef = 16B34351229FAF81009F4850 /* ThirdViewController.swift */; };
		16CCF4E822F7C0900053B6DD /* RestaurantTableViewController.swift in Sources */ = {isa = PBXBuildFile; fileRef = 16CCF4E722F7C0900053B6DD /* RestaurantTableViewController.swift */; };
		16CCF4EB22F7C1410053B6DD /* RestaurantTableViewCell.swift in Sources */ = {isa = PBXBuildFile; fileRef = 16CCF4EA22F7C1410053B6DD /* RestaurantTableViewCell.swift */; };
		16CCF4EF22F7D1D20053B6DD /* LocationView.swift in Sources */ = {isa = PBXBuildFile; fileRef = 16CCF4EE22F7D1D20053B6DD /* LocationView.swift */; };
		16CCF4F122F7DBCE0053B6DD /* LocationViewController.swift in Sources */ = {isa = PBXBuildFile; fileRef = 16CCF4F022F7DBCE0053B6DD /* LocationViewController.swift */; };
		16CCF4F422F8E7D00053B6DD /* LocationServices.swift in Sources */ = {isa = PBXBuildFile; fileRef = 16CCF4F322F8E7D00053B6DD /* LocationServices.swift */; };
/* End PBXBuildFile section */

/* Begin PBXFileReference section */
		1616171522EA9CE800D9E2DA /* AccountViewController.swift */ = {isa = PBXFileReference; lastKnownFileType = sourcecode.swift; path = AccountViewController.swift; sourceTree = "<group>"; };
		1616171722EA9D9000D9E2DA /* MenuViewController.swift */ = {isa = PBXFileReference; lastKnownFileType = sourcecode.swift; path = MenuViewController.swift; sourceTree = "<group>"; };
		1616171922EB550D00D9E2DA /* SlideinTransition.swift */ = {isa = PBXFileReference; lastKnownFileType = sourcecode.swift; path = SlideinTransition.swift; sourceTree = "<group>"; };
		16183DDC22DA7F74001178DC /* googleMapMini.swift */ = {isa = PBXFileReference; lastKnownFileType = sourcecode.swift; path = googleMapMini.swift; sourceTree = "<group>"; };
		163723E122FAB3B900F64B72 /* NetworkService.swift */ = {isa = PBXFileReference; lastKnownFileType = sourcecode.swift; path = NetworkService.swift; sourceTree = "<group>"; };
		163CD36122E7BB570093EEF5 /* CustomAdvertismentCell.swift */ = {isa = PBXFileReference; lastKnownFileType = sourcecode.swift; path = CustomAdvertismentCell.swift; sourceTree = "<group>"; };
		163CD36222E7BB570093EEF5 /* CustomAdvertismentCell.xib */ = {isa = PBXFileReference; lastKnownFileType = file.xib; path = CustomAdvertismentCell.xib; sourceTree = "<group>"; };
		1643A8D122F66C86001FE1D5 /* BaseView.swift */ = {isa = PBXFileReference; lastKnownFileType = sourcecode.swift; path = BaseView.swift; sourceTree = "<group>"; };
		1643A8D522F69D64001FE1D5 /* DetailsFoodView.swift */ = {isa = PBXFileReference; lastKnownFileType = sourcecode.swift; path = DetailsFoodView.swift; sourceTree = "<group>"; };
		1643A8D722F6A8D2001FE1D5 /* DetailsFoodViewController.swift */ = {isa = PBXFileReference; lastKnownFileType = sourcecode.swift; path = DetailsFoodViewController.swift; sourceTree = "<group>"; };
		16B3433A229F7531009F4850 /* popTravel.app */ = {isa = PBXFileReference; explicitFileType = wrapper.application; includeInIndex = 0; path = popTravel.app; sourceTree = BUILT_PRODUCTS_DIR; };
		16B3433D229F7531009F4850 /* AppDelegate.swift */ = {isa = PBXFileReference; lastKnownFileType = sourcecode.swift; path = AppDelegate.swift; sourceTree = "<group>"; };
		16B3433F229F7531009F4850 /* FirstViewController.swift */ = {isa = PBXFileReference; lastKnownFileType = sourcecode.swift; path = FirstViewController.swift; sourceTree = "<group>"; };
		16B34341229F7531009F4850 /* SecondViewController.swift */ = {isa = PBXFileReference; lastKnownFileType = sourcecode.swift; path = SecondViewController.swift; sourceTree = "<group>"; };
		16B34344229F7531009F4850 /* Base */ = {isa = PBXFileReference; lastKnownFileType = file.storyboard; name = Base; path = Base.lproj/Main.storyboard; sourceTree = "<group>"; };
		16B34346229F7532009F4850 /* Assets.xcassets */ = {isa = PBXFileReference; lastKnownFileType = folder.assetcatalog; path = Assets.xcassets; sourceTree = "<group>"; };
		16B34349229F7532009F4850 /* Base */ = {isa = PBXFileReference; lastKnownFileType = file.storyboard; name = Base; path = Base.lproj/LaunchScreen.storyboard; sourceTree = "<group>"; };
		16B3434B229F7532009F4850 /* Info.plist */ = {isa = PBXFileReference; lastKnownFileType = text.plist.xml; path = Info.plist; sourceTree = "<group>"; };
		16B34351229FAF81009F4850 /* ThirdViewController.swift */ = {isa = PBXFileReference; lastKnownFileType = sourcecode.swift; path = ThirdViewController.swift; sourceTree = "<group>"; };
		16CCF4E722F7C0900053B6DD /* RestaurantTableViewController.swift */ = {isa = PBXFileReference; lastKnownFileType = sourcecode.swift; path = RestaurantTableViewController.swift; sourceTree = "<group>"; };
		16CCF4EA22F7C1410053B6DD /* RestaurantTableViewCell.swift */ = {isa = PBXFileReference; lastKnownFileType = sourcecode.swift; path = RestaurantTableViewCell.swift; sourceTree = "<group>"; };
		16CCF4EE22F7D1D20053B6DD /* LocationView.swift */ = {isa = PBXFileReference; lastKnownFileType = sourcecode.swift; path = LocationView.swift; sourceTree = "<group>"; };
		16CCF4F022F7DBCE0053B6DD /* LocationViewController.swift */ = {isa = PBXFileReference; lastKnownFileType = sourcecode.swift; path = LocationViewController.swift; sourceTree = "<group>"; };
		16CCF4F322F8E7D00053B6DD /* LocationServices.swift */ = {isa = PBXFileReference; lastKnownFileType = sourcecode.swift; path = LocationServices.swift; sourceTree = "<group>"; };
		C0171BADD19CC3E0929E215F /* Pods_popTravel.framework */ = {isa = PBXFileReference; explicitFileType = wrapper.framework; includeInIndex = 0; path = Pods_popTravel.framework; sourceTree = BUILT_PRODUCTS_DIR; };
		C170A8613BFE8F51B8123872 /* Pods-popTravel.release.xcconfig */ = {isa = PBXFileReference; includeInIndex = 1; lastKnownFileType = text.xcconfig; name = "Pods-popTravel.release.xcconfig"; path = "Target Support Files/Pods-popTravel/Pods-popTravel.release.xcconfig"; sourceTree = "<group>"; };
		E657C16F350A2EC011FD80BD /* Pods-popTravel.debug.xcconfig */ = {isa = PBXFileReference; includeInIndex = 1; lastKnownFileType = text.xcconfig; name = "Pods-popTravel.debug.xcconfig"; path = "Target Support Files/Pods-popTravel/Pods-popTravel.debug.xcconfig"; sourceTree = "<group>"; };
/* End PBXFileReference section */

/* Begin PBXFrameworksBuildPhase section */
		16B34337229F7531009F4850 /* Frameworks */ = {
			isa = PBXFrameworksBuildPhase;
			buildActionMask = 2147483647;
			files = (
				1542672AB05A813B4C000556 /* Pods_popTravel.framework in Frameworks */,
			);
			runOnlyForDeploymentPostprocessing = 0;
		};
/* End PBXFrameworksBuildPhase section */

/* Begin PBXGroup section */
		163723E022FA13D000F64B72 /* Services */ = {
			isa = PBXGroup;
			children = (
				16CCF4F322F8E7D00053B6DD /* LocationServices.swift */,
				163723E122FAB3B900F64B72 /* NetworkService.swift */,
			);
			path = Services;
			sourceTree = "<group>";
		};
		163CD35B22E7B8740093EEF5 /* Custom Cell */ = {
			isa = PBXGroup;
			children = (
				163CD36122E7BB570093EEF5 /* CustomAdvertismentCell.swift */,
				163CD36222E7BB570093EEF5 /* CustomAdvertismentCell.xib */,
			);
			path = "Custom Cell";
			sourceTree = "<group>";
		};
		163CD35C22E7B8AC0093EEF5 /* FirstViewController */ = {
			isa = PBXGroup;
			children = (
				163CD35B22E7B8740093EEF5 /* Custom Cell */,
				16B3433F229F7531009F4850 /* FirstViewController.swift */,
				16183DDC22DA7F74001178DC /* googleMapMini.swift */,
			);
			path = FirstViewController;
			sourceTree = "<group>";
		};
		1643A8D022F66B54001FE1D5 /* Screen */ = {
			isa = PBXGroup;
			children = (
				16CCF4EC22F7D16A0053B6DD /* Location */,
				1643A8D922F7BEA6001FE1D5 /* List */,
				1643A8D322F69CE3001FE1D5 /* Details */,
				1643A8D122F66C86001FE1D5 /* BaseView.swift */,
			);
			path = Screen;
			sourceTree = "<group>";
		};
		1643A8D322F69CE3001FE1D5 /* Details */ = {
			isa = PBXGroup;
			children = (
				1643A8D422F69D38001FE1D5 /* Views */,
				1643A8D722F6A8D2001FE1D5 /* DetailsFoodViewController.swift */,
			);
			path = Details;
			sourceTree = "<group>";
		};
		1643A8D422F69D38001FE1D5 /* Views */ = {
			isa = PBXGroup;
			children = (
				1643A8D522F69D64001FE1D5 /* DetailsFoodView.swift */,
			);
			path = Views;
			sourceTree = "<group>";
		};
		1643A8D922F7BEA6001FE1D5 /* List */ = {
			isa = PBXGroup;
			children = (
				16CCF4E922F7C0C40053B6DD /* Views */,
				16CCF4E722F7C0900053B6DD /* RestaurantTableViewController.swift */,
			);
			path = List;
			sourceTree = "<group>";
		};
		16B34331229F7530009F4850 = {
			isa = PBXGroup;
			children = (
				16B3433C229F7531009F4850 /* popTravel */,
				16B3433B229F7531009F4850 /* Products */,
				8EFD5B62FDBD43CA93135580 /* Pods */,
				1B05C3400D6F6256915112C5 /* Frameworks */,
			);
			sourceTree = "<group>";
		};
		16B3433B229F7531009F4850 /* Products */ = {
			isa = PBXGroup;
			children = (
				16B3433A229F7531009F4850 /* popTravel.app */,
			);
			name = Products;
			sourceTree = "<group>";
		};
		16B3433C229F7531009F4850 /* popTravel */ = {
			isa = PBXGroup;
			children = (
				16B3433D229F7531009F4850 /* AppDelegate.swift */,
				163723E022FA13D000F64B72 /* Services */,
				1643A8D022F66B54001FE1D5 /* Screen */,
				163CD35C22E7B8AC0093EEF5 /* FirstViewController */,
				16B34341229F7531009F4850 /* SecondViewController.swift */,
				16B34351229FAF81009F4850 /* ThirdViewController.swift */,
				16B34343229F7531009F4850 /* Main.storyboard */,
				16B34346229F7532009F4850 /* Assets.xcassets */,
				16B34348229F7532009F4850 /* LaunchScreen.storyboard */,
				16B3434B229F7532009F4850 /* Info.plist */,
				1616171522EA9CE800D9E2DA /* AccountViewController.swift */,
				1616171722EA9D9000D9E2DA /* MenuViewController.swift */,
				1616171922EB550D00D9E2DA /* SlideinTransition.swift */,
			);
			path = popTravel;
			sourceTree = "<group>";
		};
		16CCF4E922F7C0C40053B6DD /* Views */ = {
			isa = PBXGroup;
			children = (
				16CCF4EA22F7C1410053B6DD /* RestaurantTableViewCell.swift */,
			);
			path = Views;
			sourceTree = "<group>";
		};
		16CCF4EC22F7D16A0053B6DD /* Location */ = {
			isa = PBXGroup;
			children = (
				16CCF4ED22F7D17D0053B6DD /* Views */,
				16CCF4F022F7DBCE0053B6DD /* LocationViewController.swift */,
			);
			path = Location;
			sourceTree = "<group>";
		};
		16CCF4ED22F7D17D0053B6DD /* Views */ = {
			isa = PBXGroup;
			children = (
				16CCF4EE22F7D1D20053B6DD /* LocationView.swift */,
			);
			path = Views;
			sourceTree = "<group>";
		};
		1B05C3400D6F6256915112C5 /* Frameworks */ = {
			isa = PBXGroup;
			children = (
				C0171BADD19CC3E0929E215F /* Pods_popTravel.framework */,
			);
			name = Frameworks;
			sourceTree = "<group>";
		};
		8EFD5B62FDBD43CA93135580 /* Pods */ = {
			isa = PBXGroup;
			children = (
				E657C16F350A2EC011FD80BD /* Pods-popTravel.debug.xcconfig */,
				C170A8613BFE8F51B8123872 /* Pods-popTravel.release.xcconfig */,
			);
			path = Pods;
			sourceTree = "<group>";
		};
/* End PBXGroup section */

/* Begin PBXNativeTarget section */
		16B34339229F7531009F4850 /* popTravel */ = {
			isa = PBXNativeTarget;
			buildConfigurationList = 16B3434E229F7532009F4850 /* Build configuration list for PBXNativeTarget "popTravel" */;
			buildPhases = (
				1CCCC9D03D5456002821747E /* [CP] Check Pods Manifest.lock */,
				16B34336229F7531009F4850 /* Sources */,
				16B34337229F7531009F4850 /* Frameworks */,
				16B34338229F7531009F4850 /* Resources */,
				C5A45314CC59460DCC0CFD3B /* [CP] Copy Pods Resources */,
				6395B875E7F8CA20B9CF9E00 /* [CP] Embed Pods Frameworks */,
			);
			buildRules = (
			);
			dependencies = (
			);
			name = popTravel;
			productName = popTravel;
			productReference = 16B3433A229F7531009F4850 /* popTravel.app */;
			productType = "com.apple.product-type.application";
		};
/* End PBXNativeTarget section */

/* Begin PBXProject section */
		16B34332229F7530009F4850 /* Project object */ = {
			isa = PBXProject;
			attributes = {
				LastSwiftUpdateCheck = 1020;
				LastUpgradeCheck = 1020;
				ORGANIZATIONNAME = "Ridge Lanuza";
				TargetAttributes = {
					16B34339229F7531009F4850 = {
						CreatedOnToolsVersion = 10.2.1;
					};
				};
			};
			buildConfigurationList = 16B34335229F7530009F4850 /* Build configuration list for PBXProject "popTravel" */;
			compatibilityVersion = "Xcode 9.3";
			developmentRegion = en;
			hasScannedForEncodings = 0;
			knownRegions = (
				en,
				Base,
			);
			mainGroup = 16B34331229F7530009F4850;
			productRefGroup = 16B3433B229F7531009F4850 /* Products */;
			projectDirPath = "";
			projectRoot = "";
			targets = (
				16B34339229F7531009F4850 /* popTravel */,
			);
		};
/* End PBXProject section */

/* Begin PBXResourcesBuildPhase section */
		16B34338229F7531009F4850 /* Resources */ = {
			isa = PBXResourcesBuildPhase;
			buildActionMask = 2147483647;
			files = (
				163CD36422E7BB570093EEF5 /* CustomAdvertismentCell.xib in Resources */,
				16B3434A229F7532009F4850 /* LaunchScreen.storyboard in Resources */,
				16B34347229F7532009F4850 /* Assets.xcassets in Resources */,
				16B34345229F7531009F4850 /* Main.storyboard in Resources */,
			);
			runOnlyForDeploymentPostprocessing = 0;
		};
/* End PBXResourcesBuildPhase section */

/* Begin PBXShellScriptBuildPhase section */
		1CCCC9D03D5456002821747E /* [CP] Check Pods Manifest.lock */ = {
			isa = PBXShellScriptBuildPhase;
			buildActionMask = 2147483647;
			files = (
			);
			inputFileListPaths = (
			);
			inputPaths = (
				"${PODS_PODFILE_DIR_PATH}/Podfile.lock",
				"${PODS_ROOT}/Manifest.lock",
			);
			name = "[CP] Check Pods Manifest.lock";
			outputFileListPaths = (
			);
			outputPaths = (
				"$(DERIVED_FILE_DIR)/Pods-popTravel-checkManifestLockResult.txt",
			);
			runOnlyForDeploymentPostprocessing = 0;
			shellPath = /bin/sh;
			shellScript = "diff \"${PODS_PODFILE_DIR_PATH}/Podfile.lock\" \"${PODS_ROOT}/Manifest.lock\" > /dev/null\nif [ $? != 0 ] ; then\n    # print error to STDERR\n    echo \"error: The sandbox is not in sync with the Podfile.lock. Run 'pod install' or update your CocoaPods installation.\" >&2\n    exit 1\nfi\n# This output is used by Xcode 'outputs' to avoid re-running this script phase.\necho \"SUCCESS\" > \"${SCRIPT_OUTPUT_FILE_0}\"\n";
			showEnvVarsInLog = 0;
		};
		6395B875E7F8CA20B9CF9E00 /* [CP] Embed Pods Frameworks */ = {
			isa = PBXShellScriptBuildPhase;
			buildActionMask = 2147483647;
			files = (
			);
			inputFileListPaths = (
				"${PODS_ROOT}/Target Support Files/Pods-popTravel/Pods-popTravel-frameworks-${CONFIGURATION}-input-files.xcfilelist",
			);
			name = "[CP] Embed Pods Frameworks";
			outputFileListPaths = (
				"${PODS_ROOT}/Target Support Files/Pods-popTravel/Pods-popTravel-frameworks-${CONFIGURATION}-output-files.xcfilelist",
			);
			runOnlyForDeploymentPostprocessing = 0;
			shellPath = /bin/sh;
			shellScript = "\"${PODS_ROOT}/Target Support Files/Pods-popTravel/Pods-popTravel-frameworks.sh\"\n";
			showEnvVarsInLog = 0;
		};
		C5A45314CC59460DCC0CFD3B /* [CP] Copy Pods Resources */ = {
			isa = PBXShellScriptBuildPhase;
			buildActionMask = 2147483647;
			files = (
			);
			inputFileListPaths = (
				"${PODS_ROOT}/Target Support Files/Pods-popTravel/Pods-popTravel-resources-${CONFIGURATION}-input-files.xcfilelist",
			);
			name = "[CP] Copy Pods Resources";
			outputFileListPaths = (
				"${PODS_ROOT}/Target Support Files/Pods-popTravel/Pods-popTravel-resources-${CONFIGURATION}-output-files.xcfilelist",
			);
			runOnlyForDeploymentPostprocessing = 0;
			shellPath = /bin/sh;
			shellScript = "\"${PODS_ROOT}/Target Support Files/Pods-popTravel/Pods-popTravel-resources.sh\"\n";
			showEnvVarsInLog = 0;
		};
/* End PBXShellScriptBuildPhase section */

/* Begin PBXSourcesBuildPhase section */
		16B34336229F7531009F4850 /* Sources */ = {
			isa = PBXSourcesBuildPhase;
			buildActionMask = 2147483647;
			files = (
				16B34342229F7531009F4850 /* SecondViewController.swift in Sources */,
				16B34352229FAF81009F4850 /* ThirdViewController.swift in Sources */,
				1616171622EA9CE800D9E2DA /* AccountViewController.swift in Sources */,
				16B3433E229F7531009F4850 /* AppDelegate.swift in Sources */,
				163723E222FAB3B900F64B72 /* NetworkService.swift in Sources */,
				16CCF4E822F7C0900053B6DD /* RestaurantTableViewController.swift in Sources */,
				16183DDD22DA7F74001178DC /* googleMapMini.swift in Sources */,
				1643A8D622F69D64001FE1D5 /* DetailsFoodView.swift in Sources */,
				16CCF4EF22F7D1D20053B6DD /* LocationView.swift in Sources */,
				163CD36322E7BB570093EEF5 /* CustomAdvertismentCell.swift in Sources */,
				1616171A22EB550D00D9E2DA /* SlideinTransition.swift in Sources */,
				1643A8D222F66C86001FE1D5 /* BaseView.swift in Sources */,
				16B34340229F7531009F4850 /* FirstViewController.swift in Sources */,
				1616171822EA9D9000D9E2DA /* MenuViewController.swift in Sources */,
				16CCF4F422F8E7D00053B6DD /* LocationServices.swift in Sources */,
				16CCF4EB22F7C1410053B6DD /* RestaurantTableViewCell.swift in Sources */,
				1643A8D822F6A8D2001FE1D5 /* DetailsFoodViewController.swift in Sources */,
				16CCF4F122F7DBCE0053B6DD /* LocationViewController.swift in Sources */,
			);
			runOnlyForDeploymentPostprocessing = 0;
		};
/* End PBXSourcesBuildPhase section */

/* Begin PBXVariantGroup section */
		16B34343229F7531009F4850 /* Main.storyboard */ = {
			isa = PBXVariantGroup;
			children = (
				16B34344229F7531009F4850 /* Base */,
			);
			name = Main.storyboard;
			sourceTree = "<group>";
		};
		16B34348229F7532009F4850 /* LaunchScreen.storyboard */ = {
			isa = PBXVariantGroup;
			children = (
				16B34349229F7532009F4850 /* Base */,
			);
			name = LaunchScreen.storyboard;
			sourceTree = "<group>";
		};
/* End PBXVariantGroup section */

/* Begin XCBuildConfiguration section */
		16B3434C229F7532009F4850 /* Debug */ = {
			isa = XCBuildConfiguration;
			buildSettings = {
				ALWAYS_SEARCH_USER_PATHS = NO;
				CLANG_ANALYZER_NONNULL = YES;
				CLANG_ANALYZER_NUMBER_OBJECT_CONVERSION = YES_AGGRESSIVE;
				CLANG_CXX_LANGUAGE_STANDARD = "gnu++14";
				CLANG_CXX_LIBRARY = "libc++";
				CLANG_ENABLE_MODULES = YES;
				CLANG_ENABLE_OBJC_ARC = YES;
				CLANG_ENABLE_OBJC_WEAK = YES;
				CLANG_WARN_BLOCK_CAPTURE_AUTORELEASING = YES;
				CLANG_WARN_BOOL_CONVERSION = YES;
				CLANG_WARN_COMMA = YES;
				CLANG_WARN_CONSTANT_CONVERSION = YES;
				CLANG_WARN_DEPRECATED_OBJC_IMPLEMENTATIONS = YES;
				CLANG_WARN_DIRECT_OBJC_ISA_USAGE = YES_ERROR;
				CLANG_WARN_DOCUMENTATION_COMMENTS = YES;
				CLANG_WARN_EMPTY_BODY = YES;
				CLANG_WARN_ENUM_CONVERSION = YES;
				CLANG_WARN_INFINITE_RECURSION = YES;
				CLANG_WARN_INT_CONVERSION = YES;
				CLANG_WARN_NON_LITERAL_NULL_CONVERSION = YES;
				CLANG_WARN_OBJC_IMPLICIT_RETAIN_SELF = YES;
				CLANG_WARN_OBJC_LITERAL_CONVERSION = YES;
				CLANG_WARN_OBJC_ROOT_CLASS = YES_ERROR;
				CLANG_WARN_RANGE_LOOP_ANALYSIS = YES;
				CLANG_WARN_STRICT_PROTOTYPES = YES;
				CLANG_WARN_SUSPICIOUS_MOVE = YES;
				CLANG_WARN_UNGUARDED_AVAILABILITY = YES_AGGRESSIVE;
				CLANG_WARN_UNREACHABLE_CODE = YES;
				CLANG_WARN__DUPLICATE_METHOD_MATCH = YES;
				CODE_SIGN_IDENTITY = "iPhone Developer";
				COPY_PHASE_STRIP = NO;
				DEBUG_INFORMATION_FORMAT = dwarf;
				ENABLE_STRICT_OBJC_MSGSEND = YES;
				ENABLE_TESTABILITY = YES;
				GCC_C_LANGUAGE_STANDARD = gnu11;
				GCC_DYNAMIC_NO_PIC = NO;
				GCC_NO_COMMON_BLOCKS = YES;
				GCC_OPTIMIZATION_LEVEL = 0;
				GCC_PREPROCESSOR_DEFINITIONS = (
					"DEBUG=1",
					"$(inherited)",
				);
				GCC_WARN_64_TO_32_BIT_CONVERSION = YES;
				GCC_WARN_ABOUT_RETURN_TYPE = YES_ERROR;
				GCC_WARN_UNDECLARED_SELECTOR = YES;
				GCC_WARN_UNINITIALIZED_AUTOS = YES_AGGRESSIVE;
				GCC_WARN_UNUSED_FUNCTION = YES;
				GCC_WARN_UNUSED_VARIABLE = YES;
				IPHONEOS_DEPLOYMENT_TARGET = 12.2;
				MTL_ENABLE_DEBUG_INFO = INCLUDE_SOURCE;
				MTL_FAST_MATH = YES;
				ONLY_ACTIVE_ARCH = YES;
				SDKROOT = iphoneos;
				SWIFT_ACTIVE_COMPILATION_CONDITIONS = DEBUG;
				SWIFT_OPTIMIZATION_LEVEL = "-Onone";
			};
			name = Debug;
		};
		16B3434D229F7532009F4850 /* Release */ = {
			isa = XCBuildConfiguration;
			buildSettings = {
				ALWAYS_SEARCH_USER_PATHS = NO;
				CLANG_ANALYZER_NONNULL = YES;
				CLANG_ANALYZER_NUMBER_OBJECT_CONVERSION = YES_AGGRESSIVE;
				CLANG_CXX_LANGUAGE_STANDARD = "gnu++14";
				CLANG_CXX_LIBRARY = "libc++";
				CLANG_ENABLE_MODULES = YES;
				CLANG_ENABLE_OBJC_ARC = YES;
				CLANG_ENABLE_OBJC_WEAK = YES;
				CLANG_WARN_BLOCK_CAPTURE_AUTORELEASING = YES;
				CLANG_WARN_BOOL_CONVERSION = YES;
				CLANG_WARN_COMMA = YES;
				CLANG_WARN_CONSTANT_CONVERSION = YES;
				CLANG_WARN_DEPRECATED_OBJC_IMPLEMENTATIONS = YES;
				CLANG_WARN_DIRECT_OBJC_ISA_USAGE = YES_ERROR;
				CLANG_WARN_DOCUMENTATION_COMMENTS = YES;
				CLANG_WARN_EMPTY_BODY = YES;
				CLANG_WARN_ENUM_CONVERSION = YES;
				CLANG_WARN_INFINITE_RECURSION = YES;
				CLANG_WARN_INT_CONVERSION = YES;
				CLANG_WARN_NON_LITERAL_NULL_CONVERSION = YES;
				CLANG_WARN_OBJC_IMPLICIT_RETAIN_SELF = YES;
				CLANG_WARN_OBJC_LITERAL_CONVERSION = YES;
				CLANG_WARN_OBJC_ROOT_CLASS = YES_ERROR;
				CLANG_WARN_RANGE_LOOP_ANALYSIS = YES;
				CLANG_WARN_STRICT_PROTOTYPES = YES;
				CLANG_WARN_SUSPICIOUS_MOVE = YES;
				CLANG_WARN_UNGUARDED_AVAILABILITY = YES_AGGRESSIVE;
				CLANG_WARN_UNREACHABLE_CODE = YES;
				CLANG_WARN__DUPLICATE_METHOD_MATCH = YES;
				CODE_SIGN_IDENTITY = "iPhone Developer";
				COPY_PHASE_STRIP = NO;
				DEBUG_INFORMATION_FORMAT = "dwarf-with-dsym";
				ENABLE_NS_ASSERTIONS = NO;
				ENABLE_STRICT_OBJC_MSGSEND = YES;
				GCC_C_LANGUAGE_STANDARD = gnu11;
				GCC_NO_COMMON_BLOCKS = YES;
				GCC_WARN_64_TO_32_BIT_CONVERSION = YES;
				GCC_WARN_ABOUT_RETURN_TYPE = YES_ERROR;
				GCC_WARN_UNDECLARED_SELECTOR = YES;
				GCC_WARN_UNINITIALIZED_AUTOS = YES_AGGRESSIVE;
				GCC_WARN_UNUSED_FUNCTION = YES;
				GCC_WARN_UNUSED_VARIABLE = YES;
				IPHONEOS_DEPLOYMENT_TARGET = 12.2;
				MTL_ENABLE_DEBUG_INFO = NO;
				MTL_FAST_MATH = YES;
				SDKROOT = iphoneos;
				SWIFT_COMPILATION_MODE = wholemodule;
				SWIFT_OPTIMIZATION_LEVEL = "-O";
				VALIDATE_PRODUCT = YES;
			};
			name = Release;
		};
		16B3434F229F7532009F4850 /* Debug */ = {
			isa = XCBuildConfiguration;
			baseConfigurationReference = E657C16F350A2EC011FD80BD /* Pods-popTravel.debug.xcconfig */;
			buildSettings = {
				ASSETCATALOG_COMPILER_APPICON_NAME = AppIcon;
				CODE_SIGN_STYLE = Automatic;
				DEVELOPMENT_TEAM = ZHQ784UAM7;
				INFOPLIST_FILE = popTravel/Info.plist;
				LD_RUNPATH_SEARCH_PATHS = (
					"$(inherited)",
					"@executable_path/Frameworks",
				);
				PRODUCT_BUNDLE_IDENTIFIER = com.ridgelanuza.popTravel;
				PRODUCT_NAME = "$(TARGET_NAME)";
				SWIFT_VERSION = 5.0;
				TARGETED_DEVICE_FAMILY = "1,2";
			};
			name = Debug;
		};
		16B34350229F7532009F4850 /* Release */ = {
			isa = XCBuildConfiguration;
			baseConfigurationReference = C170A8613BFE8F51B8123872 /* Pods-popTravel.release.xcconfig */;
			buildSettings = {
				ASSETCATALOG_COMPILER_APPICON_NAME = AppIcon;
				CODE_SIGN_STYLE = Automatic;
				DEVELOPMENT_TEAM = ZHQ784UAM7;
				INFOPLIST_FILE = popTravel/Info.plist;
				LD_RUNPATH_SEARCH_PATHS = (
					"$(inherited)",
					"@executable_path/Frameworks",
				);
				PRODUCT_BUNDLE_IDENTIFIER = com.ridgelanuza.popTravel;
				PRODUCT_NAME = "$(TARGET_NAME)";
				SWIFT_VERSION = 5.0;
				TARGETED_DEVICE_FAMILY = "1,2";
			};
			name = Release;
		};
/* End XCBuildConfiguration section */

/* Begin XCConfigurationList section */
		16B34335229F7530009F4850 /* Build configuration list for PBXProject "popTravel" */ = {
			isa = XCConfigurationList;
			buildConfigurations = (
				16B3434C229F7532009F4850 /* Debug */,
				16B3434D229F7532009F4850 /* Release */,
			);
			defaultConfigurationIsVisible = 0;
			defaultConfigurationName = Release;
		};
		16B3434E229F7532009F4850 /* Build configuration list for PBXNativeTarget "popTravel" */ = {
			isa = XCConfigurationList;
			buildConfigurations = (
				16B3434F229F7532009F4850 /* Debug */,
				16B34350229F7532009F4850 /* Release */,
			);
			defaultConfigurationIsVisible = 0;
			defaultConfigurationName = Release;
		};
/* End XCConfigurationList section */
	};
	rootObject = 16B34332229F7530009F4850 /* Project object */;
}
